
Microsoft Visual Studio Solution File, Format Version 12.00
# Visual Studio Version 16
VisualStudioVersion = 16.0.30711.63
MinimumVisualStudioVersion = 10.0.40219.1
Project("{FAE04EC0-301F-11D3-BF4B-00C04F79EFBC}") = "PBKK1", "PBKK1\PBKK1.csproj", "{1EF34775-5F75-420E-8B37-FE6EA8A48BAA}"
EndProject
Global
	GlobalSection(SolutionConfigurationPlatforms) = preSolution
		Debug|Any CPU = Debug|Any CPU
		Release|Any CPU = Release|Any CPU
	EndGlobalSection
	GlobalSection(ProjectConfigurationPlatforms) = postSolution
		{1EF34775-5F75-420E-8B37-FE6EA8A48BAA}.Debug|Any CPU.ActiveCfg = Debug|Any CPU
		{1EF34775-5F75-420E-8B37-FE6EA8A48BAA}.Debug|Any CPU.Build.0 = Debug|Any CPU
		{1EF34775-5F75-420E-8B37-FE6EA8A48BAA}.Release|Any CPU.ActiveCfg = Release|Any CPU
		{1EF34775-5F75-420E-8B37-FE6EA8A48BAA}.Release|Any CPU.Build.0 = Release|Any CPU
	EndGlobalSection
	GlobalSection(SolutionProperties) = preSolution
		HideSolutionNode = FALSE
	EndGlobalSection
	GlobalSection(ExtensibilityGlobals) = postSolution
		SolutionGuid = {94EE8F84-9309-4373-9E17-3C24A2E8569D}
	EndGlobalSection
EndGlobal
